// !$*UTF8*$!
{
	archiveVersion = 1;
	classes = {
	};
	objectVersion = 51;
	objects = {

/* Begin PBXBuildFile section */
		CE1C35BA23F17865008F5BDE /* DSSlider.h in Headers */ = {isa = PBXBuildFile; fileRef = CE1C35B823F17865008F5BDE /* DSSlider.h */; settings = {ATTRIBUTES = (Public, ); }; };
		CE1C365F23F18766008F5BDE /* DSSlider.swift in Sources */ = {isa = PBXBuildFile; fileRef = CE759F1D23EAC10F00BB4E3D /* DSSlider.swift */; };
		CE1C366023F1876F008F5BDE /* DSSliderDelegate.swift in Sources */ = {isa = PBXBuildFile; fileRef = CE1C35AB23EC5344008F5BDE /* DSSliderDelegate.swift */; };
		CE1C366123F18770008F5BDE /* DSSliderPosition.swift in Sources */ = {isa = PBXBuildFile; fileRef = CE1C35AD23EC5365008F5BDE /* DSSliderPosition.swift */; };
		CE1C366623F188A3008F5BDE /* UIColor+DSSlider.swift in Sources */ = {isa = PBXBuildFile; fileRef = CE1C366523F188A3008F5BDE /* UIColor+DSSlider.swift */; };
		CE1C366823F188E6008F5BDE /* Debug+Extensions.swift in Sources */ = {isa = PBXBuildFile; fileRef = CE1C366723F188E6008F5BDE /* Debug+Extensions.swift */; };
		CE1C366A23F18901008F5BDE /* DSRoundImageView.swift in Sources */ = {isa = PBXBuildFile; fileRef = CE1C366923F18901008F5BDE /* DSRoundImageView.swift */; };
/* End PBXBuildFile section */

/* Begin PBXFileReference section */
		CE1C35AB23EC5344008F5BDE /* DSSliderDelegate.swift */ = {isa = PBXFileReference; lastKnownFileType = sourcecode.swift; path = DSSliderDelegate.swift; sourceTree = "<group>"; };
		CE1C35AD23EC5365008F5BDE /* DSSliderPosition.swift */ = {isa = PBXFileReference; lastKnownFileType = sourcecode.swift; path = DSSliderPosition.swift; sourceTree = "<group>"; };
		CE1C35B623F17865008F5BDE /* DSSlider.framework */ = {isa = PBXFileReference; explicitFileType = wrapper.framework; includeInIndex = 0; path = DSSlider.framework; sourceTree = BUILT_PRODUCTS_DIR; };
		CE1C35B823F17865008F5BDE /* DSSlider.h */ = {isa = PBXFileReference; lastKnownFileType = sourcecode.c.h; path = DSSlider.h; sourceTree = "<group>"; };
		CE1C35B923F17865008F5BDE /* Info.plist */ = {isa = PBXFileReference; lastKnownFileType = text.plist.xml; path = Info.plist; sourceTree = "<group>"; };
		CE1C35CB23F17A60008F5BDE /* DSSlider.podspec */ = {isa = PBXFileReference; lastKnownFileType = text; path = DSSlider.podspec; sourceTree = "<group>"; };
		CE1C35CD23F17AAD008F5BDE /* LICENSE */ = {isa = PBXFileReference; lastKnownFileType = text; path = LICENSE; sourceTree = "<group>"; };
		CE1C35CF23F17B40008F5BDE /* README.md */ = {isa = PBXFileReference; lastKnownFileType = net.daringfireball.markdown; path = README.md; sourceTree = "<group>"; };
		CE1C365623F18502008F5BDE /* Package.swift */ = {isa = PBXFileReference; lastKnownFileType = sourcecode.swift; path = Package.swift; sourceTree = "<group>"; };
		CE1C366523F188A3008F5BDE /* UIColor+DSSlider.swift */ = {isa = PBXFileReference; lastKnownFileType = sourcecode.swift; path = "UIColor+DSSlider.swift"; sourceTree = "<group>"; };
		CE1C366723F188E6008F5BDE /* Debug+Extensions.swift */ = {isa = PBXFileReference; lastKnownFileType = sourcecode.swift; path = "Debug+Extensions.swift"; sourceTree = "<group>"; };
		CE1C366923F18901008F5BDE /* DSRoundImageView.swift */ = {isa = PBXFileReference; lastKnownFileType = sourcecode.swift; path = DSRoundImageView.swift; sourceTree = "<group>"; };
		CE759F1D23EAC10F00BB4E3D /* DSSlider.swift */ = {isa = PBXFileReference; lastKnownFileType = sourcecode.swift; path = DSSlider.swift; sourceTree = "<group>"; };
/* End PBXFileReference section */

/* Begin PBXFrameworksBuildPhase section */
		CE1C35B323F17865008F5BDE /* Frameworks */ = {
			isa = PBXFrameworksBuildPhase;
			buildActionMask = 2147483647;
			files = (
			);
			runOnlyForDeploymentPostprocessing = 0;
		};
/* End PBXFrameworksBuildPhase section */

/* Begin PBXGroup section */
		CE1C361423F17D45008F5BDE /* Deployment */ = {
			isa = PBXGroup;
			children = (
				CE1C35CB23F17A60008F5BDE /* DSSlider.podspec */,
				CE1C35CD23F17AAD008F5BDE /* LICENSE */,
				CE1C365623F18502008F5BDE /* Package.swift */,
			);
			name = Deployment;
			sourceTree = "<group>";
		};
		CE1C361523F17D58008F5BDE /* Documentation */ = {
			isa = PBXGroup;
			children = (
				CE1C35CF23F17B40008F5BDE /* README.md */,
			);
			name = Documentation;
			sourceTree = "<group>";
		};
		CE1C365123F18308008F5BDE /* Tests */ = {
			isa = PBXGroup;
			children = (
			);
			path = Tests;
			sourceTree = "<group>";
		};
		CE759EFC23EAC0D300BB4E3D = {
			isa = PBXGroup;
			children = (
				CE1C361423F17D45008F5BDE /* Deployment */,
				CE1C361523F17D58008F5BDE /* Documentation */,
				CE759F1C23EAC0DB00BB4E3D /* Source */,
				CE1C365123F18308008F5BDE /* Tests */,
				CE759F0623EAC0D300BB4E3D /* Products */,
			);
			sourceTree = "<group>";
		};
		CE759F0623EAC0D300BB4E3D /* Products */ = {
			isa = PBXGroup;
			children = (
				CE1C35B623F17865008F5BDE /* DSSlider.framework */,
			);
			name = Products;
			sourceTree = "<group>";
		};
		CE759F1C23EAC0DB00BB4E3D /* Source */ = {
			isa = PBXGroup;
			children = (
				CE759F1D23EAC10F00BB4E3D /* DSSlider.swift */,
				CE80340723F1B122004D870B /* Core */,
				CE80340823F1B135004D870B /* Extensions */,
				CE80340A23F1B166004D870B /* Supporting Files */,
			);
			path = Source;
			sourceTree = "<group>";
		};
		CE80340723F1B122004D870B /* Core */ = {
			isa = PBXGroup;
			children = (
				CE1C35AB23EC5344008F5BDE /* DSSliderDelegate.swift */,
				CE1C35AD23EC5365008F5BDE /* DSSliderPosition.swift */,
				CE1C366923F18901008F5BDE /* DSRoundImageView.swift */,
			);
			name = Core;
			sourceTree = "<group>";
		};
		CE80340823F1B135004D870B /* Extensions */ = {
			isa = PBXGroup;
			children = (
				CE1C366523F188A3008F5BDE /* UIColor+DSSlider.swift */,
				CE1C366723F188E6008F5BDE /* Debug+Extensions.swift */,
			);
			name = Extensions;
			sourceTree = "<group>";
		};
		CE80340A23F1B166004D870B /* Supporting Files */ = {
			isa = PBXGroup;
			children = (
				CE1C35B823F17865008F5BDE /* DSSlider.h */,
				CE1C35B923F17865008F5BDE /* Info.plist */,
			);
			path = "Supporting Files";
			sourceTree = "<group>";
		};
/* End PBXGroup section */

/* Begin PBXHeadersBuildPhase section */
		CE1C35B123F17865008F5BDE /* Headers */ = {
			isa = PBXHeadersBuildPhase;
			buildActionMask = 2147483647;
			files = (
				CE1C35BA23F17865008F5BDE /* DSSlider.h in Headers */,
			);
			runOnlyForDeploymentPostprocessing = 0;
		};
/* End PBXHeadersBuildPhase section */

/* Begin PBXNativeTarget section */
		CE1C35B523F17865008F5BDE /* DSSlider */ = {
			isa = PBXNativeTarget;
			buildConfigurationList = CE1C35BF23F17865008F5BDE /* Build configuration list for PBXNativeTarget "DSSlider" */;
			buildPhases = (
				CE1C35B123F17865008F5BDE /* Headers */,
				CE1C35B223F17865008F5BDE /* Sources */,
				CE1C35B323F17865008F5BDE /* Frameworks */,
				CE1C35B423F17865008F5BDE /* Resources */,
			);
			buildRules = (
			);
			dependencies = (
			);
			name = DSSlider;
			productName = DSSlider;
			productReference = CE1C35B623F17865008F5BDE /* DSSlider.framework */;
			productType = "com.apple.product-type.framework";
		};
/* End PBXNativeTarget section */

/* Begin PBXProject section */
		CE759EFD23EAC0D300BB4E3D /* Project object */ = {
			isa = PBXProject;
			attributes = {
				LastSwiftUpdateCheck = 1130;
				LastUpgradeCheck = 1130;
				ORGANIZATIONNAME = SKS;
				TargetAttributes = {
					CE1C35B523F17865008F5BDE = {
						CreatedOnToolsVersion = 11.3.1;
					};
				};
			};
			buildConfigurationList = CE759F0023EAC0D300BB4E3D /* Build configuration list for PBXProject "DSSlider" */;
			compatibilityVersion = "Xcode 10.0";
			developmentRegion = en;
			hasScannedForEncodings = 0;
			knownRegions = (
				en,
				Base,
			);
			mainGroup = CE759EFC23EAC0D300BB4E3D;
			productRefGroup = CE759F0623EAC0D300BB4E3D /* Products */;
			projectDirPath = "";
			projectRoot = "";
			targets = (
				CE1C35B523F17865008F5BDE /* DSSlider */,
			);
		};
/* End PBXProject section */

/* Begin PBXResourcesBuildPhase section */
		CE1C35B423F17865008F5BDE /* Resources */ = {
			isa = PBXResourcesBuildPhase;
			buildActionMask = 2147483647;
			files = (
			);
			runOnlyForDeploymentPostprocessing = 0;
		};
/* End PBXResourcesBuildPhase section */

/* Begin PBXSourcesBuildPhase section */
		CE1C35B223F17865008F5BDE /* Sources */ = {
			isa = PBXSourcesBuildPhase;
			buildActionMask = 2147483647;
			files = (
				CE1C366023F1876F008F5BDE /* DSSliderDelegate.swift in Sources */,
				CE1C366A23F18901008F5BDE /* DSRoundImageView.swift in Sources */,
				CE1C366823F188E6008F5BDE /* Debug+Extensions.swift in Sources */,
				CE1C366123F18770008F5BDE /* DSSliderPosition.swift in Sources */,
				CE1C366623F188A3008F5BDE /* UIColor+DSSlider.swift in Sources */,
				CE1C365F23F18766008F5BDE /* DSSlider.swift in Sources */,
			);
			runOnlyForDeploymentPostprocessing = 0;
		};
/* End PBXSourcesBuildPhase section */

/* Begin XCBuildConfiguration section */
		CE1C35C023F17865008F5BDE /* Debug */ = {
			isa = XCBuildConfiguration;
			buildSettings = {
				APPLICATION_EXTENSION_API_ONLY = YES;
				CODE_SIGN_STYLE = Automatic;
				CURRENT_PROJECT_VERSION = 1;
				DEFINES_MODULE = YES;
				DEVELOPMENT_TEAM = 487D8YHE27;
				DYLIB_COMPATIBILITY_VERSION = 1;
				DYLIB_CURRENT_VERSION = 1;
				DYLIB_INSTALL_NAME_BASE = "@rpath";
				INFOPLIST_FILE = "$(SRCROOT)/Source/Supporting Files/Info.plist";
				INSTALL_PATH = "$(LOCAL_LIBRARY_DIR)/Frameworks";
				IPHONEOS_DEPLOYMENT_TARGET = 13.2;
				LD_RUNPATH_SEARCH_PATHS = (
					"$(inherited)",
					"@executable_path/Frameworks",
					"@loader_path/Frameworks",
				);
				PRODUCT_BUNDLE_IDENTIFIER = com.sks.DSSlider;
				PRODUCT_NAME = "$(TARGET_NAME:c99extidentifier)";
				SKIP_INSTALL = YES;
				SUPPORTS_MACCATALYST = NO;
				SWIFT_VERSION = 5.0;
				TARGETED_DEVICE_FAMILY = "1,2";
				VERSIONING_SYSTEM = "apple-generic";
				VERSION_INFO_PREFIX = "";
			};
			name = Debug;
		};
		CE1C35C123F17865008F5BDE /* Release */ = {
			isa = XCBuildConfiguration;
			buildSettings = {
				APPLICATION_EXTENSION_API_ONLY = YES;
				CODE_SIGN_STYLE = Automatic;
				CURRENT_PROJECT_VERSION = 1;
				DEFINES_MODULE = YES;
				DEVELOPMENT_TEAM = 487D8YHE27;
				DYLIB_COMPATIBILITY_VERSION = 1;
				DYLIB_CURRENT_VERSION = 1;
				DYLIB_INSTALL_NAME_BASE = "@rpath";
				INFOPLIST_FILE = "$(SRCROOT)/Source/Supporting Files/Info.plist";
				INSTALL_PATH = "$(LOCAL_LIBRARY_DIR)/Frameworks";
				IPHONEOS_DEPLOYMENT_TARGET = 13.2;
				LD_RUNPATH_SEARCH_PATHS = (
					"$(inherited)",
					"@executable_path/Frameworks",
					"@loader_path/Frameworks",
				);
				PRODUCT_BUNDLE_IDENTIFIER = com.sks.DSSlider;
				PRODUCT_NAME = "$(TARGET_NAME:c99extidentifier)";
				SKIP_INSTALL = YES;
				SUPPORTS_MACCATALYST = NO;
				SWIFT_VERSION = 5.0;
				TARGETED_DEVICE_FAMILY = "1,2";
				VERSIONING_SYSTEM = "apple-generic";
				VERSION_INFO_PREFIX = "";
			};
			name = Release;
		};
		CE759F1723EAC0D500BB4E3D /* Debug */ = {
			isa = XCBuildConfiguration;
			buildSettings = {
				ALWAYS_SEARCH_USER_PATHS = NO;
				CLANG_ANALYZER_NONNULL = YES;
				CLANG_ANALYZER_NUMBER_OBJECT_CONVERSION = YES_AGGRESSIVE;
				CLANG_CXX_LANGUAGE_STANDARD = "gnu++14";
				CLANG_CXX_LIBRARY = "libc++";
				CLANG_ENABLE_MODULES = YES;
				CLANG_ENABLE_OBJC_ARC = YES;
				CLANG_ENABLE_OBJC_WEAK = YES;
				CLANG_WARN_BLOCK_CAPTURE_AUTORELEASING = YES;
				CLANG_WARN_BOOL_CONVERSION = YES;
				CLANG_WARN_COMMA = YES;
				CLANG_WARN_CONSTANT_CONVERSION = YES;
				CLANG_WARN_DEPRECATED_OBJC_IMPLEMENTATIONS = YES;
				CLANG_WARN_DIRECT_OBJC_ISA_USAGE = YES_ERROR;
				CLANG_WARN_DOCUMENTATION_COMMENTS = YES;
				CLANG_WARN_EMPTY_BODY = YES;
				CLANG_WARN_ENUM_CONVERSION = YES;
				CLANG_WARN_INFINITE_RECURSION = YES;
				CLANG_WARN_INT_CONVERSION = YES;
				CLANG_WARN_NON_LITERAL_NULL_CONVERSION = YES;
				CLANG_WARN_OBJC_IMPLICIT_RETAIN_SELF = YES;
				CLANG_WARN_OBJC_LITERAL_CONVERSION = YES;
				CLANG_WARN_OBJC_ROOT_CLASS = YES_ERROR;
				CLANG_WARN_RANGE_LOOP_ANALYSIS = YES;
				CLANG_WARN_STRICT_PROTOTYPES = YES;
				CLANG_WARN_SUSPICIOUS_MOVE = YES;
				CLANG_WARN_UNGUARDED_AVAILABILITY = YES_AGGRESSIVE;
				CLANG_WARN_UNREACHABLE_CODE = YES;
				CLANG_WARN__DUPLICATE_METHOD_MATCH = YES;
				COPY_PHASE_STRIP = NO;
				DEBUG_INFORMATION_FORMAT = dwarf;
				ENABLE_STRICT_OBJC_MSGSEND = YES;
				ENABLE_TESTABILITY = YES;
				GCC_C_LANGUAGE_STANDARD = gnu11;
				GCC_DYNAMIC_NO_PIC = NO;
				GCC_NO_COMMON_BLOCKS = YES;
				GCC_OPTIMIZATION_LEVEL = 0;
				GCC_PREPROCESSOR_DEFINITIONS = (
					"DEBUG=1",
					"$(inherited)",
				);
				GCC_WARN_64_TO_32_BIT_CONVERSION = YES;
				GCC_WARN_ABOUT_RETURN_TYPE = YES_ERROR;
				GCC_WARN_UNDECLARED_SELECTOR = YES;
				GCC_WARN_UNINITIALIZED_AUTOS = YES_AGGRESSIVE;
				GCC_WARN_UNUSED_FUNCTION = YES;
				GCC_WARN_UNUSED_VARIABLE = YES;
				IPHONEOS_DEPLOYMENT_TARGET = 10.0;
				MTL_ENABLE_DEBUG_INFO = INCLUDE_SOURCE;
				MTL_FAST_MATH = YES;
				ONLY_ACTIVE_ARCH = YES;
				SDKROOT = iphoneos;
				SWIFT_ACTIVE_COMPILATION_CONDITIONS = DEBUG;
				SWIFT_OPTIMIZATION_LEVEL = "-Onone";
			};
			name = Debug;
		};
		CE759F1823EAC0D500BB4E3D /* Release */ = {
			isa = XCBuildConfiguration;
			buildSettings = {
				ALWAYS_SEARCH_USER_PATHS = NO;
				CLANG_ANALYZER_NONNULL = YES;
				CLANG_ANALYZER_NUMBER_OBJECT_CONVERSION = YES_AGGRESSIVE;
				CLANG_CXX_LANGUAGE_STANDARD = "gnu++14";
				CLANG_CXX_LIBRARY = "libc++";
				CLANG_ENABLE_MODULES = YES;
				CLANG_ENABLE_OBJC_ARC = YES;
				CLANG_ENABLE_OBJC_WEAK = YES;
				CLANG_WARN_BLOCK_CAPTURE_AUTORELEASING = YES;
				CLANG_WARN_BOOL_CONVERSION = YES;
				CLANG_WARN_COMMA = YES;
				CLANG_WARN_CONSTANT_CONVERSION = YES;
				CLANG_WARN_DEPRECATED_OBJC_IMPLEMENTATIONS = YES;
				CLANG_WARN_DIRECT_OBJC_ISA_USAGE = YES_ERROR;
				CLANG_WARN_DOCUMENTATION_COMMENTS = YES;
				CLANG_WARN_EMPTY_BODY = YES;
				CLANG_WARN_ENUM_CONVERSION = YES;
				CLANG_WARN_INFINITE_RECURSION = YES;
				CLANG_WARN_INT_CONVERSION = YES;
				CLANG_WARN_NON_LITERAL_NULL_CONVERSION = YES;
				CLANG_WARN_OBJC_IMPLICIT_RETAIN_SELF = YES;
				CLANG_WARN_OBJC_LITERAL_CONVERSION = YES;
				CLANG_WARN_OBJC_ROOT_CLASS = YES_ERROR;
				CLANG_WARN_RANGE_LOOP_ANALYSIS = YES;
				CLANG_WARN_STRICT_PROTOTYPES = YES;
				CLANG_WARN_SUSPICIOUS_MOVE = YES;
				CLANG_WARN_UNGUARDED_AVAILABILITY = YES_AGGRESSIVE;
				CLANG_WARN_UNREACHABLE_CODE = YES;
				CLANG_WARN__DUPLICATE_METHOD_MATCH = YES;
				COPY_PHASE_STRIP = NO;
				DEBUG_INFORMATION_FORMAT = "dwarf-with-dsym";
				ENABLE_NS_ASSERTIONS = NO;
				ENABLE_STRICT_OBJC_MSGSEND = YES;
				GCC_C_LANGUAGE_STANDARD = gnu11;
				GCC_NO_COMMON_BLOCKS = YES;
				GCC_WARN_64_TO_32_BIT_CONVERSION = YES;
				GCC_WARN_ABOUT_RETURN_TYPE = YES_ERROR;
				GCC_WARN_UNDECLARED_SELECTOR = YES;
				GCC_WARN_UNINITIALIZED_AUTOS = YES_AGGRESSIVE;
				GCC_WARN_UNUSED_FUNCTION = YES;
				GCC_WARN_UNUSED_VARIABLE = YES;
				IPHONEOS_DEPLOYMENT_TARGET = 10.0;
				MTL_ENABLE_DEBUG_INFO = NO;
				MTL_FAST_MATH = YES;
				SDKROOT = iphoneos;
				SWIFT_COMPILATION_MODE = wholemodule;
				SWIFT_OPTIMIZATION_LEVEL = "-O";
				VALIDATE_PRODUCT = YES;
			};
			name = Release;
		};
/* End XCBuildConfiguration section */

/* Begin XCConfigurationList section */
		CE1C35BF23F17865008F5BDE /* Build configuration list for PBXNativeTarget "DSSlider" */ = {
			isa = XCConfigurationList;
			buildConfigurations = (
				CE1C35C023F17865008F5BDE /* Debug */,
				CE1C35C123F17865008F5BDE /* Release */,
			);
			defaultConfigurationIsVisible = 0;
			defaultConfigurationName = Release;
		};
		CE759F0023EAC0D300BB4E3D /* Build configuration list for PBXProject "DSSlider" */ = {
			isa = XCConfigurationList;
			buildConfigurations = (
				CE759F1723EAC0D500BB4E3D /* Debug */,
				CE759F1823EAC0D500BB4E3D /* Release */,
			);
			defaultConfigurationIsVisible = 0;
			defaultConfigurationName = Release;
		};
/* End XCConfigurationList section */
	};
	rootObject = CE759EFD23EAC0D300BB4E3D /* Project object */;
}
